
Microsoft Visual Studio Solution File, Format Version 12.00
# Visual Studio Version 17
VisualStudioVersion = 17.14.36202.13 d17.14
MinimumVisualStudioVersion = 10.0.40219.1
Project("{FAE04EC0-301F-11D3-BF4B-00C04F79EFBC}") = "Constants", "Constants\Constants.csproj", "{F3501A86-83A8-4899-8A45-5E4CB26AC120}"
EndProject
Global
	GlobalSection(SolutionConfigurationPlatforms) = preSolution
		Debug|Any CPU = Debug|Any CPU
		Release|Any CPU = Release|Any CPU
	EndGlobalSection
	GlobalSection(ProjectConfigurationPlatforms) = postSolution
		{F3501A86-83A8-4899-8A45-5E4CB26AC120}.Debug|Any CPU.ActiveCfg = Debug|Any CPU
		{F3501A86-83A8-4899-8A45-5E4CB26AC120}.Debug|Any CPU.Build.0 = Debug|Any CPU
		{F3501A86-83A8-4899-8A45-5E4CB26AC120}.Release|Any CPU.ActiveCfg = Release|Any CPU
		{F3501A86-83A8-4899-8A45-5E4CB26AC120}.Release|Any CPU.Build.0 = Release|Any CPU
	EndGlobalSection
	GlobalSection(SolutionProperties) = preSolution
		HideSolutionNode = FALSE
	EndGlobalSection
	GlobalSection(ExtensibilityGlobals) = postSolution
		SolutionGuid = {E13B19F2-60EF-4C9E-B3E4-0EEDCDE1DD2B}
	EndGlobalSection
EndGlobal
