
Microsoft Visual Studio Solution File, Format Version 12.00
# Visual Studio Version 17
VisualStudioVersion = 17.14.36202.13 d17.14
MinimumVisualStudioVersion = 10.0.40219.1
Project("{FAE04EC0-301F-11D3-BF4B-00C04F79EFBC}") = "Params", "Params\Params.csproj", "{2BB07084-A0BA-4812-838E-14964988AC26}"
EndProject
Global
	GlobalSection(SolutionConfigurationPlatforms) = preSolution
		Debug|Any CPU = Debug|Any CPU
		Release|Any CPU = Release|Any CPU
	EndGlobalSection
	GlobalSection(ProjectConfigurationPlatforms) = postSolution
		{2BB07084-A0BA-4812-838E-14964988AC26}.Debug|Any CPU.ActiveCfg = Debug|Any CPU
		{2BB07084-A0BA-4812-838E-14964988AC26}.Debug|Any CPU.Build.0 = Debug|Any CPU
		{2BB07084-A0BA-4812-838E-14964988AC26}.Release|Any CPU.ActiveCfg = Release|Any CPU
		{2BB07084-A0BA-4812-838E-14964988AC26}.Release|Any CPU.Build.0 = Release|Any CPU
	EndGlobalSection
	GlobalSection(SolutionProperties) = preSolution
		HideSolutionNode = FALSE
	EndGlobalSection
	GlobalSection(ExtensibilityGlobals) = postSolution
		SolutionGuid = {CFB44F8D-C7F8-4AA9-8B3F-BEE46D60EB83}
	EndGlobalSection
EndGlobal
