
Microsoft Visual Studio Solution File, Format Version 12.00
# Visual Studio Version 17
VisualStudioVersion = 17.14.36202.13 d17.14
MinimumVisualStudioVersion = 10.0.40219.1
Project("{FAE04EC0-301F-11D3-BF4B-00C04F79EFBC}") = "MultiThreading", "MultiThreading\MultiThreading.csproj", "{51D25EAB-C6A0-4A97-A9A7-E4CB2F17100C}"
EndProject
Global
	GlobalSection(SolutionConfigurationPlatforms) = preSolution
		Debug|Any CPU = Debug|Any CPU
		Release|Any CPU = Release|Any CPU
	EndGlobalSection
	GlobalSection(ProjectConfigurationPlatforms) = postSolution
		{51D25EAB-C6A0-4A97-A9A7-E4CB2F17100C}.Debug|Any CPU.ActiveCfg = Debug|Any CPU
		{51D25EAB-C6A0-4A97-A9A7-E4CB2F17100C}.Debug|Any CPU.Build.0 = Debug|Any CPU
		{51D25EAB-C6A0-4A97-A9A7-E4CB2F17100C}.Release|Any CPU.ActiveCfg = Release|Any CPU
		{51D25EAB-C6A0-4A97-A9A7-E4CB2F17100C}.Release|Any CPU.Build.0 = Release|Any CPU
	EndGlobalSection
	GlobalSection(SolutionProperties) = preSolution
		HideSolutionNode = FALSE
	EndGlobalSection
	GlobalSection(ExtensibilityGlobals) = postSolution
		SolutionGuid = {3E55E242-DE8E-401F-A0FA-62692D804245}
	EndGlobalSection
EndGlobal
