
Microsoft Visual Studio Solution File, Format Version 12.00
# Visual Studio Version 17
VisualStudioVersion = 17.14.36202.13 d17.14
MinimumVisualStudioVersion = 10.0.40219.1
Project("{FAE04EC0-301F-11D3-BF4B-00C04F79EFBC}") = "NumberGuessingGame", "NumberGuessingGame\NumberGuessingGame.csproj", "{CF3553EE-765A-4652-B160-4552AFF05E15}"
EndProject
Global
	GlobalSection(SolutionConfigurationPlatforms) = preSolution
		Debug|Any CPU = Debug|Any CPU
		Release|Any CPU = Release|Any CPU
	EndGlobalSection
	GlobalSection(ProjectConfigurationPlatforms) = postSolution
		{CF3553EE-765A-4652-B160-4552AFF05E15}.Debug|Any CPU.ActiveCfg = Debug|Any CPU
		{CF3553EE-765A-4652-B160-4552AFF05E15}.Debug|Any CPU.Build.0 = Debug|Any CPU
		{CF3553EE-765A-4652-B160-4552AFF05E15}.Release|Any CPU.ActiveCfg = Release|Any CPU
		{CF3553EE-765A-4652-B160-4552AFF05E15}.Release|Any CPU.Build.0 = Release|Any CPU
	EndGlobalSection
	GlobalSection(SolutionProperties) = preSolution
		HideSolutionNode = FALSE
	EndGlobalSection
	GlobalSection(ExtensibilityGlobals) = postSolution
		SolutionGuid = {F87CED5B-A7AE-4412-BBA7-3C59F750B036}
	EndGlobalSection
EndGlobal
