
Microsoft Visual Studio Solution File, Format Version 12.00
# Visual Studio Version 17
VisualStudioVersion = 17.14.36202.13 d17.14
MinimumVisualStudioVersion = 10.0.40219.1
Project("{FAE04EC0-301F-11D3-BF4B-00C04F79EFBC}") = "LoopImplementation", "LoopImplementation\LoopImplementation.csproj", "{5245190A-8BD4-498B-8F8C-294870346792}"
EndProject
Global
	GlobalSection(SolutionConfigurationPlatforms) = preSolution
		Debug|Any CPU = Debug|Any CPU
		Release|Any CPU = Release|Any CPU
	EndGlobalSection
	GlobalSection(ProjectConfigurationPlatforms) = postSolution
		{5245190A-8BD4-498B-8F8C-294870346792}.Debug|Any CPU.ActiveCfg = Debug|Any CPU
		{5245190A-8BD4-498B-8F8C-294870346792}.Debug|Any CPU.Build.0 = Debug|Any CPU
		{5245190A-8BD4-498B-8F8C-294870346792}.Release|Any CPU.ActiveCfg = Release|Any CPU
		{5245190A-8BD4-498B-8F8C-294870346792}.Release|Any CPU.Build.0 = Release|Any CPU
	EndGlobalSection
	GlobalSection(SolutionProperties) = preSolution
		HideSolutionNode = FALSE
	EndGlobalSection
	GlobalSection(ExtensibilityGlobals) = postSolution
		SolutionGuid = {EA3607A9-693E-4693-8E22-182CB2E38AB5}
	EndGlobalSection
EndGlobal
