
Microsoft Visual Studio Solution File, Format Version 12.00
# Visual Studio Version 17
VisualStudioVersion = 17.14.36202.13 d17.14
MinimumVisualStudioVersion = 10.0.40219.1
Project("{FAE04EC0-301F-11D3-BF4B-00C04F79EFBC}") = "Interfaces", "Interfaces\Interfaces.csproj", "{E60D210B-229D-459F-8A81-7DF30F06822E}"
EndProject
Global
	GlobalSection(SolutionConfigurationPlatforms) = preSolution
		Debug|Any CPU = Debug|Any CPU
		Release|Any CPU = Release|Any CPU
	EndGlobalSection
	GlobalSection(ProjectConfigurationPlatforms) = postSolution
		{E60D210B-229D-459F-8A81-7DF30F06822E}.Debug|Any CPU.ActiveCfg = Debug|Any CPU
		{E60D210B-229D-459F-8A81-7DF30F06822E}.Debug|Any CPU.Build.0 = Debug|Any CPU
		{E60D210B-229D-459F-8A81-7DF30F06822E}.Release|Any CPU.ActiveCfg = Release|Any CPU
		{E60D210B-229D-459F-8A81-7DF30F06822E}.Release|Any CPU.Build.0 = Release|Any CPU
	EndGlobalSection
	GlobalSection(SolutionProperties) = preSolution
		HideSolutionNode = FALSE
	EndGlobalSection
	GlobalSection(ExtensibilityGlobals) = postSolution
		SolutionGuid = {5B4F9C5E-8837-49E3-B32A-0FE08BCADA9D}
	EndGlobalSection
EndGlobal
